
Microsoft Visual Studio Solution File, Format Version 12.00
# Visual Studio Version 17
VisualStudioVersion = 17.3.32901.215
MinimumVisualStudioVersion = 10.0.40219.1
Project("{FAE04EC0-301F-11D3-BF4B-00C04F79EFBC}") = "Doancuoiki_CSLT", "Doancuoiki_CSLT\Doancuoiki_CSLT.csproj", "{FD0C4B73-1CB5-4F2D-AA37-838D1282A13F}"
EndProject
Global
	GlobalSection(SolutionConfigurationPlatforms) = preSolution
		Debug|Any CPU = Debug|Any CPU
		Release|Any CPU = Release|Any CPU
	EndGlobalSection
	GlobalSection(ProjectConfigurationPlatforms) = postSolution
		{FD0C4B73-1CB5-4F2D-AA37-838D1282A13F}.Debug|Any CPU.ActiveCfg = Debug|Any CPU
		{FD0C4B73-1CB5-4F2D-AA37-838D1282A13F}.Debug|Any CPU.Build.0 = Debug|Any CPU
		{FD0C4B73-1CB5-4F2D-AA37-838D1282A13F}.Release|Any CPU.ActiveCfg = Release|Any CPU
		{FD0C4B73-1CB5-4F2D-AA37-838D1282A13F}.Release|Any CPU.Build.0 = Release|Any CPU
	EndGlobalSection
	GlobalSection(SolutionProperties) = preSolution
		HideSolutionNode = FALSE
	EndGlobalSection
	GlobalSection(ExtensibilityGlobals) = postSolution
		SolutionGuid = {4DD87CAF-B1AA-482F-8717-C3E156A5B6B1}
	EndGlobalSection
EndGlobal
